
Microsoft Visual Studio Solution File, Format Version 12.00
# Visual Studio 15
VisualStudioVersion = 15.0.28307.421
MinimumVisualStudioVersion = 10.0.40219.1
Project("{FAE04EC0-301F-11D3-BF4B-00C04F79EFBC}") = "Selection", "Selection\Selection.csproj", "{90AED571-2168-4C98-B82B-B5BE447D8761}"
EndProject
Project("{FAE04EC0-301F-11D3-BF4B-00C04F79EFBC}") = "Insert", "Insert\Insert.csproj", "{7C50B4FC-86A7-4785-BAC4-8BD244145397}"
EndProject
Global
	GlobalSection(SolutionConfigurationPlatforms) = preSolution
		Debug|Any CPU = Debug|Any CPU
		Release|Any CPU = Release|Any CPU
	EndGlobalSection
	GlobalSection(ProjectConfigurationPlatforms) = postSolution
		{90AED571-2168-4C98-B82B-B5BE447D8761}.Debug|Any CPU.ActiveCfg = Debug|Any CPU
		{90AED571-2168-4C98-B82B-B5BE447D8761}.Debug|Any CPU.Build.0 = Debug|Any CPU
		{90AED571-2168-4C98-B82B-B5BE447D8761}.Release|Any CPU.ActiveCfg = Release|Any CPU
		{90AED571-2168-4C98-B82B-B5BE447D8761}.Release|Any CPU.Build.0 = Release|Any CPU
		{7C50B4FC-86A7-4785-BAC4-8BD244145397}.Debug|Any CPU.ActiveCfg = Debug|Any CPU
		{7C50B4FC-86A7-4785-BAC4-8BD244145397}.Debug|Any CPU.Build.0 = Debug|Any CPU
		{7C50B4FC-86A7-4785-BAC4-8BD244145397}.Release|Any CPU.ActiveCfg = Release|Any CPU
		{7C50B4FC-86A7-4785-BAC4-8BD244145397}.Release|Any CPU.Build.0 = Release|Any CPU
	EndGlobalSection
	GlobalSection(SolutionProperties) = preSolution
		HideSolutionNode = FALSE
	EndGlobalSection
	GlobalSection(ExtensibilityGlobals) = postSolution
		SolutionGuid = {C4209DCB-D81B-4160-A42F-BF27FF960A13}
	EndGlobalSection
EndGlobal
